Microsoft Visual Studio Solution File, Format Version 12.00
# Visual Studio Version 16
VisualStudioVersion = 16.0.0.0
MinimumVisualStudioVersion = 16.0.0.0
Project("{9A19103F-16F7-4668-BE54-9A1E7A4F7556}") = "QuizManagerClientHosted.Server", "Server\QuizManagerClientHosted.Server.csproj", "{70C1BAB3-21C6-4ED5-9650-F6C55E56625B}"
EndProject
Project("{9A19103F-16F7-4668-BE54-9A1E7A4F7556}") = "QuizManagerClientHosted.Client", "Client\QuizManagerClientHosted.Client.csproj", "{14DC15E2-6168-42A5-A0A8-F9DE7A5BF517}"
EndProject
Project("{9A19103F-16F7-4668-BE54-9A1E7A4F7556}") = "QuizManagerClientHosted.Shared", "Shared\QuizManagerClientHosted.Shared.csproj", "{3CFF95B7-FA2C-459A-B88A-EC2DCEC9D3E1}"
EndProject
Global
	GlobalSection(SolutionConfigurationPlatforms) = preSolution
		Debug|Any CPU = Debug|Any CPU
		Debug|x64 = Debug|x64
		Debug|x86 = Debug|x86
		Release|Any CPU = Release|Any CPU
		Release|x64 = Release|x64
		Release|x86 = Release|x86
	EndGlobalSection
	GlobalSection(ProjectConfigurationPlatforms) = postSolution
		{14DC15E2-6168-42A5-A0A8-F9DE7A5BF517}.Debug|Any CPU.ActiveCfg = Debug|Any CPU
		{14DC15E2-6168-42A5-A0A8-F9DE7A5BF517}.Debug|Any CPU.Build.0 = Debug|Any CPU
		{14DC15E2-6168-42A5-A0A8-F9DE7A5BF517}.Debug|x64.ActiveCfg = Debug|Any CPU
		{14DC15E2-6168-42A5-A0A8-F9DE7A5BF517}.Debug|x64.Build.0 = Debug|Any CPU
		{14DC15E2-6168-42A5-A0A8-F9DE7A5BF517}.Debug|x86.ActiveCfg = Debug|Any CPU
		{14DC15E2-6168-42A5-A0A8-F9DE7A5BF517}.Debug|x86.Build.0 = Debug|Any CPU
		{14DC15E2-6168-42A5-A0A8-F9DE7A5BF517}.Release|Any CPU.ActiveCfg = Release|Any CPU
		{14DC15E2-6168-42A5-A0A8-F9DE7A5BF517}.Release|Any CPU.Build.0 = Release|Any CPU
		{14DC15E2-6168-42A5-A0A8-F9DE7A5BF517}.Release|x64.ActiveCfg = Release|Any CPU
		{14DC15E2-6168-42A5-A0A8-F9DE7A5BF517}.Release|x64.Build.0 = Release|Any CPU
		{14DC15E2-6168-42A5-A0A8-F9DE7A5BF517}.Release|x86.ActiveCfg = Release|Any CPU
		{14DC15E2-6168-42A5-A0A8-F9DE7A5BF517}.Release|x86.Build.0 = Release|Any CPU
		{70C1BAB3-21C6-4ED5-9650-F6C55E56625B}.Debug|Any CPU.ActiveCfg = Debug|Any CPU
		{70C1BAB3-21C6-4ED5-9650-F6C55E56625B}.Debug|Any CPU.Build.0 = Debug|Any CPU
		{70C1BAB3-21C6-4ED5-9650-F6C55E56625B}.Debug|x64.ActiveCfg = Debug|Any CPU
		{70C1BAB3-21C6-4ED5-9650-F6C55E56625B}.Debug|x64.Build.0 = Debug|Any CPU
		{70C1BAB3-21C6-4ED5-9650-F6C55E56625B}.Debug|x86.ActiveCfg = Debug|Any CPU
		{70C1BAB3-21C6-4ED5-9650-F6C55E56625B}.Debug|x86.Build.0 = Debug|Any CPU
		{70C1BAB3-21C6-4ED5-9650-F6C55E56625B}.Release|Any CPU.ActiveCfg = Release|Any CPU
		{70C1BAB3-21C6-4ED5-9650-F6C55E56625B}.Release|Any CPU.Build.0 = Release|Any CPU
		{70C1BAB3-21C6-4ED5-9650-F6C55E56625B}.Release|x64.ActiveCfg = Release|Any CPU
		{70C1BAB3-21C6-4ED5-9650-F6C55E56625B}.Release|x64.Build.0 = Release|Any CPU
		{70C1BAB3-21C6-4ED5-9650-F6C55E56625B}.Release|x86.ActiveCfg = Release|Any CPU
		{70C1BAB3-21C6-4ED5-9650-F6C55E56625B}.Release|x86.Build.0 = Release|Any CPU
		{3CFF95B7-FA2C-459A-B88A-EC2DCEC9D3E1}.Debug|Any CPU.ActiveCfg = Debug|Any CPU
		{3CFF95B7-FA2C-459A-B88A-EC2DCEC9D3E1}.Debug|Any CPU.Build.0 = Debug|Any CPU
		{3CFF95B7-FA2C-459A-B88A-EC2DCEC9D3E1}.Debug|x64.ActiveCfg = Debug|Any CPU
		{3CFF95B7-FA2C-459A-B88A-EC2DCEC9D3E1}.Debug|x64.Build.0 = Debug|Any CPU
		{3CFF95B7-FA2C-459A-B88A-EC2DCEC9D3E1}.Debug|x86.ActiveCfg = Debug|Any CPU
		{3CFF95B7-FA2C-459A-B88A-EC2DCEC9D3E1}.Debug|x86.Build.0 = Debug|Any CPU
		{3CFF95B7-FA2C-459A-B88A-EC2DCEC9D3E1}.Release|Any CPU.ActiveCfg = Release|Any CPU
		{3CFF95B7-FA2C-459A-B88A-EC2DCEC9D3E1}.Release|Any CPU.Build.0 = Release|Any CPU
		{3CFF95B7-FA2C-459A-B88A-EC2DCEC9D3E1}.Release|x64.ActiveCfg = Release|Any CPU
		{3CFF95B7-FA2C-459A-B88A-EC2DCEC9D3E1}.Release|x64.Build.0 = Release|Any CPU
		{3CFF95B7-FA2C-459A-B88A-EC2DCEC9D3E1}.Release|x86.ActiveCfg = Release|Any CPU
		{3CFF95B7-FA2C-459A-B88A-EC2DCEC9D3E1}.Release|x86.Build.0 = Release|Any CPU
	EndGlobalSection
	GlobalSection(SolutionProperties) = preSolution
		HideSolutionNode = FALSE
	EndGlobalSection
	GlobalSection(ExtensibilityGlobals) = postSolution
		SolutionGuid = {CE2BE7CF-1F71-43D3-B70D-4257D8BA74A5}
	EndGlobalSection
EndGlobal