Microsoft Visual Studio Solution File, Format Version 12.00
# Visual Studio Version 16
VisualStudioVersion = 16.0.0.0
MinimumVisualStudioVersion = 16.0.0.0
Project("{9A19103F-16F7-4668-BE54-9A1E7A4F7556}") = "QuizManagerClientHosted.Server", "Server\QuizManagerClientHosted.Server.csproj", "{9D753B0C-0B9A-4B0F-9EA5-09DAD7F5C78E}"
EndProject
Project("{9A19103F-16F7-4668-BE54-9A1E7A4F7556}") = "QuizManagerClientHosted.Client", "Client\QuizManagerClientHosted.Client.csproj", "{C411FC63-C1BE-46C5-8D39-B8C14F0A5E17}"
EndProject
Project("{9A19103F-16F7-4668-BE54-9A1E7A4F7556}") = "QuizManagerClientHosted.Shared", "Shared\QuizManagerClientHosted.Shared.csproj", "{1ACBD08A-F4F2-4F71-8357-1114C32DFF71}"
EndProject
Global
	GlobalSection(SolutionConfigurationPlatforms) = preSolution
		Debug|Any CPU = Debug|Any CPU
		Debug|x64 = Debug|x64
		Debug|x86 = Debug|x86
		Release|Any CPU = Release|Any CPU
		Release|x64 = Release|x64
		Release|x86 = Release|x86
	EndGlobalSection
	GlobalSection(ProjectConfigurationPlatforms) = postSolution
		{C411FC63-C1BE-46C5-8D39-B8C14F0A5E17}.Debug|Any CPU.ActiveCfg = Debug|Any CPU
		{C411FC63-C1BE-46C5-8D39-B8C14F0A5E17}.Debug|Any CPU.Build.0 = Debug|Any CPU
		{C411FC63-C1BE-46C5-8D39-B8C14F0A5E17}.Debug|x64.ActiveCfg = Debug|Any CPU
		{C411FC63-C1BE-46C5-8D39-B8C14F0A5E17}.Debug|x64.Build.0 = Debug|Any CPU
		{C411FC63-C1BE-46C5-8D39-B8C14F0A5E17}.Debug|x86.ActiveCfg = Debug|Any CPU
		{C411FC63-C1BE-46C5-8D39-B8C14F0A5E17}.Debug|x86.Build.0 = Debug|Any CPU
		{C411FC63-C1BE-46C5-8D39-B8C14F0A5E17}.Release|Any CPU.ActiveCfg = Release|Any CPU
		{C411FC63-C1BE-46C5-8D39-B8C14F0A5E17}.Release|Any CPU.Build.0 = Release|Any CPU
		{C411FC63-C1BE-46C5-8D39-B8C14F0A5E17}.Release|x64.ActiveCfg = Release|Any CPU
		{C411FC63-C1BE-46C5-8D39-B8C14F0A5E17}.Release|x64.Build.0 = Release|Any CPU
		{C411FC63-C1BE-46C5-8D39-B8C14F0A5E17}.Release|x86.ActiveCfg = Release|Any CPU
		{C411FC63-C1BE-46C5-8D39-B8C14F0A5E17}.Release|x86.Build.0 = Release|Any CPU
		{9D753B0C-0B9A-4B0F-9EA5-09DAD7F5C78E}.Debug|Any CPU.ActiveCfg = Debug|Any CPU
		{9D753B0C-0B9A-4B0F-9EA5-09DAD7F5C78E}.Debug|Any CPU.Build.0 = Debug|Any CPU
		{9D753B0C-0B9A-4B0F-9EA5-09DAD7F5C78E}.Debug|x64.ActiveCfg = Debug|Any CPU
		{9D753B0C-0B9A-4B0F-9EA5-09DAD7F5C78E}.Debug|x64.Build.0 = Debug|Any CPU
		{9D753B0C-0B9A-4B0F-9EA5-09DAD7F5C78E}.Debug|x86.ActiveCfg = Debug|Any CPU
		{9D753B0C-0B9A-4B0F-9EA5-09DAD7F5C78E}.Debug|x86.Build.0 = Debug|Any CPU
		{9D753B0C-0B9A-4B0F-9EA5-09DAD7F5C78E}.Release|Any CPU.ActiveCfg = Release|Any CPU
		{9D753B0C-0B9A-4B0F-9EA5-09DAD7F5C78E}.Release|Any CPU.Build.0 = Release|Any CPU
		{9D753B0C-0B9A-4B0F-9EA5-09DAD7F5C78E}.Release|x64.ActiveCfg = Release|Any CPU
		{9D753B0C-0B9A-4B0F-9EA5-09DAD7F5C78E}.Release|x64.Build.0 = Release|Any CPU
		{9D753B0C-0B9A-4B0F-9EA5-09DAD7F5C78E}.Release|x86.ActiveCfg = Release|Any CPU
		{9D753B0C-0B9A-4B0F-9EA5-09DAD7F5C78E}.Release|x86.Build.0 = Release|Any CPU
		{1ACBD08A-F4F2-4F71-8357-1114C32DFF71}.Debug|Any CPU.ActiveCfg = Debug|Any CPU
		{1ACBD08A-F4F2-4F71-8357-1114C32DFF71}.Debug|Any CPU.Build.0 = Debug|Any CPU
		{1ACBD08A-F4F2-4F71-8357-1114C32DFF71}.Debug|x64.ActiveCfg = Debug|Any CPU
		{1ACBD08A-F4F2-4F71-8357-1114C32DFF71}.Debug|x64.Build.0 = Debug|Any CPU
		{1ACBD08A-F4F2-4F71-8357-1114C32DFF71}.Debug|x86.ActiveCfg = Debug|Any CPU
		{1ACBD08A-F4F2-4F71-8357-1114C32DFF71}.Debug|x86.Build.0 = Debug|Any CPU
		{1ACBD08A-F4F2-4F71-8357-1114C32DFF71}.Release|Any CPU.ActiveCfg = Release|Any CPU
		{1ACBD08A-F4F2-4F71-8357-1114C32DFF71}.Release|Any CPU.Build.0 = Release|Any CPU
		{1ACBD08A-F4F2-4F71-8357-1114C32DFF71}.Release|x64.ActiveCfg = Release|Any CPU
		{1ACBD08A-F4F2-4F71-8357-1114C32DFF71}.Release|x64.Build.0 = Release|Any CPU
		{1ACBD08A-F4F2-4F71-8357-1114C32DFF71}.Release|x86.ActiveCfg = Release|Any CPU
		{1ACBD08A-F4F2-4F71-8357-1114C32DFF71}.Release|x86.Build.0 = Release|Any CPU
	EndGlobalSection
	GlobalSection(SolutionProperties) = preSolution
		HideSolutionNode = FALSE
	EndGlobalSection
	GlobalSection(ExtensibilityGlobals) = postSolution
		SolutionGuid = {3F32042C-B8E2-4333-AE43-46AED4B24908}
	EndGlobalSection
EndGlobal